# This file is automatically @generated by Cargo.
# It is not intended for manual editing.
[[package]]
name = "crossterm"
version = "0.8.2"
source = "registry+https://github.com/rust-lang/crates.io-index"
dependencies = [
 "crossterm_cursor 0.1.0 (registry+https://github.com/rust-lang/crates.io-index)",
 "crossterm_input 0.2.1 (registry+https://github.com/rust-lang/crates.io-index)",
 "crossterm_screen 0.1.0 (registry+https://github.com/rust-lang/crates.io-index)",
 "crossterm_style 0.2.0 (registry+https://github.com/rust-lang/crates.io-index)",
 "crossterm_terminal 0.1.0 (registry+https://github.com/rust-lang/crates.io-index)",
 "crossterm_utils 0.1.0 (registry+https://github.com/rust-lang/crates.io-index)",
]

[[package]]
name = "crossterm-stdin-test"
version = "0.1.0"
dependencies = [
 "crossterm 0.8.2 (registry+https://github.com/rust-lang/crates.io-index)",
]

[[package]]
name = "crossterm_cursor"
version = "0.1.0"
source = "registry+https://github.com/rust-lang/crates.io-index"
dependencies = [
 "crossterm_utils 0.1.0 (registry+https://github.com/rust-lang/crates.io-index)",
 "crossterm_winapi 0.1.5 (registry+https://github.com/rust-lang/crates.io-index)",
 "winapi 0.3.7 (registry+https://github.com/rust-lang/crates.io-index)",
]

[[package]]
name = "crossterm_input"
version = "0.2.1"
source = "registry+https://github.com/rust-lang/crates.io-index"
dependencies = [
 "crossterm_screen 0.1.0 (registry+https://github.com/rust-lang/crates.io-index)",
 "crossterm_utils 0.1.0 (registry+https://github.com/rust-lang/crates.io-index)",
 "crossterm_winapi 0.1.5 (registry+https://github.com/rust-lang/crates.io-index)",
 "libc 0.2.60 (registry+https://github.com/rust-lang/crates.io-index)",
 "winapi 0.3.7 (registry+https://github.com/rust-lang/crates.io-index)",
]

[[package]]
name = "crossterm_screen"
version = "0.1.0"
source = "registry+https://github.com/rust-lang/crates.io-index"
dependencies = [
 "crossterm_utils 0.1.0 (registry+https://github.com/rust-lang/crates.io-index)",
 "crossterm_winapi 0.1.5 (registry+https://github.com/rust-lang/crates.io-index)",
 "winapi 0.3.7 (registry+https://github.com/rust-lang/crates.io-index)",
]

[[package]]
name = "crossterm_style"
version = "0.2.0"
source = "registry+https://github.com/rust-lang/crates.io-index"
dependencies = [
 "crossterm_utils 0.1.0 (registry+https://github.com/rust-lang/crates.io-index)",
 "crossterm_winapi 0.1.5 (registry+https://github.com/rust-lang/crates.io-index)",
 "winapi 0.3.7 (registry+https://github.com/rust-lang/crates.io-index)",
]

[[package]]
name = "crossterm_terminal"
version = "0.1.0"
source = "registry+https://github.com/rust-lang/crates.io-index"
dependencies = [
 "crossterm_cursor 0.1.0 (registry+https://github.com/rust-lang/crates.io-index)",
 "crossterm_utils 0.1.0 (registry+https://github.com/rust-lang/crates.io-index)",
 "crossterm_winapi 0.1.5 (registry+https://github.com/rust-lang/crates.io-index)",
 "libc 0.2.60 (registry+https://github.com/rust-lang/crates.io-index)",
]

[[package]]
name = "crossterm_utils"
version = "0.1.0"
source = "registry+https://github.com/rust-lang/crates.io-index"
dependencies = [
 "crossterm_winapi 0.1.5 (registry+https://github.com/rust-lang/crates.io-index)",
 "libc 0.2.60 (registry+https://github.com/rust-lang/crates.io-index)",
 "termios 0.3.1 (registry+https://github.com/rust-lang/crates.io-index)",
 "winapi 0.3.7 (registry+https://github.com/rust-lang/crates.io-index)",
]

[[package]]
name = "crossterm_winapi"
version = "0.1.5"
source = "registry+https://github.com/rust-lang/crates.io-index"
dependencies = [
 "winapi 0.3.7 (registry+https://github.com/rust-lang/crates.io-index)",
]

[[package]]
name = "libc"
version = "0.2.60"
source = "registry+https://github.com/rust-lang/crates.io-index"

[[package]]
name = "termios"
version = "0.3.1"
source = "registry+https://github.com/rust-lang/crates.io-index"
dependencies = [
 "libc 0.2.60 (registry+https://github.com/rust-lang/crates.io-index)",
]

[[package]]
name = "winapi"
version = "0.3.7"
source = "registry+https://github.com/rust-lang/crates.io-index"
dependencies = [
 "winapi-i686-pc-windows-gnu 0.4.0 (registry+https://github.com/rust-lang/crates.io-index)",
 "winapi-x86_64-pc-windows-gnu 0.4.0 (registry+https://github.com/rust-lang/crates.io-index)",
]

[[package]]
name = "winapi-i686-pc-windows-gnu"
version = "0.4.0"
source = "registry+https://github.com/rust-lang/crates.io-index"

[[package]]
name = "winapi-x86_64-pc-windows-gnu"
version = "0.4.0"
source = "registry+https://github.com/rust-lang/crates.io-index"

[metadata]
"checksum crossterm 0.8.2 (registry+https://github.com/rust-lang/crates.io-index)" = "55a717305d2b8a02ee130be03114d8f9dde047121933e3a9bc8a8d8637becb8e"
"checksum crossterm_cursor 0.1.0 (registry+https://github.com/rust-lang/crates.io-index)" = "e91c25e521708bd85fbdbdc34a854d1582793ab36e9aff2cee58fc79d7728e82"
"checksum crossterm_input 0.2.1 (registry+https://github.com/rust-lang/crates.io-index)" = "f68adc40b47caf472ae9db8ec24962cf0ce65d43495984edbbb93acd7df76f32"
"checksum crossterm_screen 0.1.0 (registry+https://github.com/rust-lang/crates.io-index)" = "48eb1d3e7c5fea9b5a15c8667cb18b8c8fdfb28e38cd8faa048b9b7490cd9f69"
"checksum crossterm_style 0.2.0 (registry+https://github.com/rust-lang/crates.io-index)" = "00356047d50f19467f14caaaa4cde2112fc875e9cbe9e642a2ff34ca73ff30ed"
"checksum crossterm_terminal 0.1.0 (registry+https://github.com/rust-lang/crates.io-index)" = "f1b61af4ef3ed3624994e8af7ac87b6a483c2936e63eebe38d9a2810cd4a6d44"
"checksum crossterm_utils 0.1.0 (registry+https://github.com/rust-lang/crates.io-index)" = "d26f24386ea91f9c55a85531dd3ee3673e4c82729e64567928665aca3a47c741"
"checksum crossterm_winapi 0.1.5 (registry+https://github.com/rust-lang/crates.io-index)" = "b055e7cc627c452e6a9b977022f48a2db6f0ff73df446ca970f95eef9c381d45"
"checksum libc 0.2.60 (registry+https://github.com/rust-lang/crates.io-index)" = "d44e80633f007889c7eff624b709ab43c92d708caad982295768a7b13ca3b5eb"
"checksum termios 0.3.1 (registry+https://github.com/rust-lang/crates.io-index)" = "72b620c5ea021d75a735c943269bb07d30c9b77d6ac6b236bc8b5c496ef05625"
"checksum winapi 0.3.7 (registry+https://github.com/rust-lang/crates.io-index)" = "f10e386af2b13e47c89e7236a7a14a086791a2b88ebad6df9bf42040195cf770"
"checksum winapi-i686-pc-windows-gnu 0.4.0 (registry+https://github.com/rust-lang/crates.io-index)" = "ac3b87c63620426dd9b991e5ce0329eff545bccbbb34f3be09ff6fb6ab51b7b6"
"checksum winapi-x86_64-pc-windows-gnu 0.4.0 (registry+https://github.com/rust-lang/crates.io-index)" = "712e227841d057c1ee1cd2fb22fa7e5a5461ae8e48fa2ca79ec42cfc1931183f"
